
Microsoft Visual Studio Solution File, Format Version 12.00
# Visual Studio Version 17
VisualStudioVersion = 17.8.34330.188
MinimumVisualStudioVersion = 10.0.40219.1
Project("{FAE04EC0-301F-11D3-BF4B-00C04F79EFBC}") = "HomeWorkLesson8_take2", "HomeWorkLesson8_take2.csproj", "{183E52A6-01FE-491C-933F-5DDDA530FC81}"
EndProject
Global
	GlobalSection(SolutionConfigurationPlatforms) = preSolution
		Debug|Any CPU = Debug|Any CPU
		Release|Any CPU = Release|Any CPU
	EndGlobalSection
	GlobalSection(ProjectConfigurationPlatforms) = postSolution
		{183E52A6-01FE-491C-933F-5DDDA530FC81}.Debug|Any CPU.ActiveCfg = Debug|Any CPU
		{183E52A6-01FE-491C-933F-5DDDA530FC81}.Debug|Any CPU.Build.0 = Debug|Any CPU
		{183E52A6-01FE-491C-933F-5DDDA530FC81}.Release|Any CPU.ActiveCfg = Release|Any CPU
		{183E52A6-01FE-491C-933F-5DDDA530FC81}.Release|Any CPU.Build.0 = Release|Any CPU
	EndGlobalSection
	GlobalSection(SolutionProperties) = preSolution
		HideSolutionNode = FALSE
	EndGlobalSection
	GlobalSection(ExtensibilityGlobals) = postSolution
		SolutionGuid = {84B2BB0F-5024-40C4-BA09-BD3F2B712F3C}
	EndGlobalSection
EndGlobal
