
Microsoft Visual Studio Solution File, Format Version 12.00
# Visual Studio Version 17
VisualStudioVersion = 17.8.34330.188
MinimumVisualStudioVersion = 10.0.40219.1
Project("{FAE04EC0-301F-11D3-BF4B-00C04F79EFBC}") = "HomeWorkLesson11_take3", "HomeWorkLesson11_take3.csproj", "{6321117C-605A-4303-9F58-3D2929F31BEF}"
EndProject
Project("{FAE04EC0-301F-11D3-BF4B-00C04F79EFBC}") = "HomeWorkLesson11_takeMonth", "HomeWorkLesson11_takeMonth\HomeWorkLesson11_takeMonth.csproj", "{DD5629AA-ECDB-4606-A320-71CD3DC873E2}"
EndProject
Global
	GlobalSection(SolutionConfigurationPlatforms) = preSolution
		Debug|Any CPU = Debug|Any CPU
		Release|Any CPU = Release|Any CPU
	EndGlobalSection
	GlobalSection(ProjectConfigurationPlatforms) = postSolution
		{6321117C-605A-4303-9F58-3D2929F31BEF}.Debug|Any CPU.ActiveCfg = Debug|Any CPU
		{6321117C-605A-4303-9F58-3D2929F31BEF}.Debug|Any CPU.Build.0 = Debug|Any CPU
		{6321117C-605A-4303-9F58-3D2929F31BEF}.Release|Any CPU.ActiveCfg = Release|Any CPU
		{6321117C-605A-4303-9F58-3D2929F31BEF}.Release|Any CPU.Build.0 = Release|Any CPU
		{DD5629AA-ECDB-4606-A320-71CD3DC873E2}.Debug|Any CPU.ActiveCfg = Debug|Any CPU
		{DD5629AA-ECDB-4606-A320-71CD3DC873E2}.Debug|Any CPU.Build.0 = Debug|Any CPU
		{DD5629AA-ECDB-4606-A320-71CD3DC873E2}.Release|Any CPU.ActiveCfg = Release|Any CPU
		{DD5629AA-ECDB-4606-A320-71CD3DC873E2}.Release|Any CPU.Build.0 = Release|Any CPU
	EndGlobalSection
	GlobalSection(SolutionProperties) = preSolution
		HideSolutionNode = FALSE
	EndGlobalSection
	GlobalSection(ExtensibilityGlobals) = postSolution
		SolutionGuid = {39C6FEC3-FF18-4540-A823-E4F2340BD9B0}
	EndGlobalSection
EndGlobal
