
Microsoft Visual Studio Solution File, Format Version 12.00
# Visual Studio Version 17
VisualStudioVersion = 17.8.34330.188
MinimumVisualStudioVersion = 10.0.40219.1
Project("{FAE04EC0-301F-11D3-BF4B-00C04F79EFBC}") = "HomeWorkLesson16_take4", "HomeWorkLesson16_take4.csproj", "{9B281E24-FC8E-47D3-A186-A5D6EA1033AA}"
EndProject
Global
	GlobalSection(SolutionConfigurationPlatforms) = preSolution
		Debug|Any CPU = Debug|Any CPU
		Release|Any CPU = Release|Any CPU
	EndGlobalSection
	GlobalSection(ProjectConfigurationPlatforms) = postSolution
		{9B281E24-FC8E-47D3-A186-A5D6EA1033AA}.Debug|Any CPU.ActiveCfg = Debug|Any CPU
		{9B281E24-FC8E-47D3-A186-A5D6EA1033AA}.Debug|Any CPU.Build.0 = Debug|Any CPU
		{9B281E24-FC8E-47D3-A186-A5D6EA1033AA}.Release|Any CPU.ActiveCfg = Release|Any CPU
		{9B281E24-FC8E-47D3-A186-A5D6EA1033AA}.Release|Any CPU.Build.0 = Release|Any CPU
	EndGlobalSection
	GlobalSection(SolutionProperties) = preSolution
		HideSolutionNode = FALSE
	EndGlobalSection
	GlobalSection(ExtensibilityGlobals) = postSolution
		SolutionGuid = {5CAF5EBE-7209-411B-8238-1E119170BB87}
	EndGlobalSection
EndGlobal
