
Microsoft Visual Studio Solution File, Format Version 12.00
# Visual Studio Version 17
VisualStudioVersion = 17.8.34330.188
MinimumVisualStudioVersion = 10.0.40219.1
Project("{FAE04EC0-301F-11D3-BF4B-00C04F79EFBC}") = "CWLessom19", "CWLessom19.csproj", "{683C75F3-CEC2-4374-A270-438DFFAD1A4C}"
EndProject
Global
	GlobalSection(SolutionConfigurationPlatforms) = preSolution
		Debug|Any CPU = Debug|Any CPU
		Release|Any CPU = Release|Any CPU
	EndGlobalSection
	GlobalSection(ProjectConfigurationPlatforms) = postSolution
		{683C75F3-CEC2-4374-A270-438DFFAD1A4C}.Debug|Any CPU.ActiveCfg = Debug|Any CPU
		{683C75F3-CEC2-4374-A270-438DFFAD1A4C}.Debug|Any CPU.Build.0 = Debug|Any CPU
		{683C75F3-CEC2-4374-A270-438DFFAD1A4C}.Release|Any CPU.ActiveCfg = Release|Any CPU
		{683C75F3-CEC2-4374-A270-438DFFAD1A4C}.Release|Any CPU.Build.0 = Release|Any CPU
	EndGlobalSection
	GlobalSection(SolutionProperties) = preSolution
		HideSolutionNode = FALSE
	EndGlobalSection
	GlobalSection(ExtensibilityGlobals) = postSolution
		SolutionGuid = {AF7DC55D-5882-4695-8B2F-A4D61E0AAC66}
	EndGlobalSection
EndGlobal
