
Microsoft Visual Studio Solution File, Format Version 12.00
# Visual Studio Version 17
VisualStudioVersion = 17.8.34330.188
MinimumVisualStudioVersion = 10.0.40219.1
Project("{FAE04EC0-301F-11D3-BF4B-00C04F79EFBC}") = "HomeWorkLesson28_task3", "HomeWorkLesson28_task3.csproj", "{17DBFB51-6EA6-4693-966A-1CC09FADA382}"
EndProject
Global
	GlobalSection(SolutionConfigurationPlatforms) = preSolution
		Debug|Any CPU = Debug|Any CPU
		Release|Any CPU = Release|Any CPU
	EndGlobalSection
	GlobalSection(ProjectConfigurationPlatforms) = postSolution
		{17DBFB51-6EA6-4693-966A-1CC09FADA382}.Debug|Any CPU.ActiveCfg = Debug|Any CPU
		{17DBFB51-6EA6-4693-966A-1CC09FADA382}.Debug|Any CPU.Build.0 = Debug|Any CPU
		{17DBFB51-6EA6-4693-966A-1CC09FADA382}.Release|Any CPU.ActiveCfg = Release|Any CPU
		{17DBFB51-6EA6-4693-966A-1CC09FADA382}.Release|Any CPU.Build.0 = Release|Any CPU
	EndGlobalSection
	GlobalSection(SolutionProperties) = preSolution
		HideSolutionNode = FALSE
	EndGlobalSection
	GlobalSection(ExtensibilityGlobals) = postSolution
		SolutionGuid = {3B70F5A8-D947-42A8-815A-C2929CA2228F}
	EndGlobalSection
EndGlobal
