
Microsoft Visual Studio Solution File, Format Version 12.00
# Visual Studio Version 17
VisualStudioVersion = 17.8.34330.188
MinimumVisualStudioVersion = 10.0.40219.1
Project("{FAE04EC0-301F-11D3-BF4B-00C04F79EFBC}") = "HomeWorkLesson7", "HomeWorkLesson7.csproj", "{F909DC5C-8DD7-4479-8F9B-6E68928D550C}"
EndProject
Project("{FAE04EC0-301F-11D3-BF4B-00C04F79EFBC}") = "HomeWorkLesson7_Take2", "..\HomeWorkLesson7_Take2\HomeWorkLesson7_Take2.csproj", "{AC96751B-02F2-4086-A63A-F98E96148DD5}"
EndProject
Global
	GlobalSection(SolutionConfigurationPlatforms) = preSolution
		Debug|Any CPU = Debug|Any CPU
		Release|Any CPU = Release|Any CPU
	EndGlobalSection
	GlobalSection(ProjectConfigurationPlatforms) = postSolution
		{F909DC5C-8DD7-4479-8F9B-6E68928D550C}.Debug|Any CPU.ActiveCfg = Debug|Any CPU
		{F909DC5C-8DD7-4479-8F9B-6E68928D550C}.Debug|Any CPU.Build.0 = Debug|Any CPU
		{F909DC5C-8DD7-4479-8F9B-6E68928D550C}.Release|Any CPU.ActiveCfg = Release|Any CPU
		{F909DC5C-8DD7-4479-8F9B-6E68928D550C}.Release|Any CPU.Build.0 = Release|Any CPU
		{AC96751B-02F2-4086-A63A-F98E96148DD5}.Debug|Any CPU.ActiveCfg = Debug|Any CPU
		{AC96751B-02F2-4086-A63A-F98E96148DD5}.Debug|Any CPU.Build.0 = Debug|Any CPU
		{AC96751B-02F2-4086-A63A-F98E96148DD5}.Release|Any CPU.ActiveCfg = Release|Any CPU
		{AC96751B-02F2-4086-A63A-F98E96148DD5}.Release|Any CPU.Build.0 = Release|Any CPU
	EndGlobalSection
	GlobalSection(SolutionProperties) = preSolution
		HideSolutionNode = FALSE
	EndGlobalSection
	GlobalSection(ExtensibilityGlobals) = postSolution
		SolutionGuid = {0B9F378D-6185-4D7B-94CD-CF2C515F5F25}
	EndGlobalSection
EndGlobal
