
Microsoft Visual Studio Solution File, Format Version 12.00
# Visual Studio Version 17
VisualStudioVersion = 17.8.34330.188
MinimumVisualStudioVersion = 10.0.40219.1
Project("{FAE04EC0-301F-11D3-BF4B-00C04F79EFBC}") = "CWLesson31.2", "CWLesson31.2.csproj", "{11D9C916-F663-48CC-8D4F-49B8880DFC4D}"
EndProject
Global
	GlobalSection(SolutionConfigurationPlatforms) = preSolution
		Debug|Any CPU = Debug|Any CPU
		Release|Any CPU = Release|Any CPU
	EndGlobalSection
	GlobalSection(ProjectConfigurationPlatforms) = postSolution
		{11D9C916-F663-48CC-8D4F-49B8880DFC4D}.Debug|Any CPU.ActiveCfg = Debug|Any CPU
		{11D9C916-F663-48CC-8D4F-49B8880DFC4D}.Debug|Any CPU.Build.0 = Debug|Any CPU
		{11D9C916-F663-48CC-8D4F-49B8880DFC4D}.Release|Any CPU.ActiveCfg = Release|Any CPU
		{11D9C916-F663-48CC-8D4F-49B8880DFC4D}.Release|Any CPU.Build.0 = Release|Any CPU
	EndGlobalSection
	GlobalSection(SolutionProperties) = preSolution
		HideSolutionNode = FALSE
	EndGlobalSection
	GlobalSection(ExtensibilityGlobals) = postSolution
		SolutionGuid = {F6759437-DA37-498D-B76B-254CFC15A9F4}
	EndGlobalSection
EndGlobal
