
Microsoft Visual Studio Solution File, Format Version 12.00
# Visual Studio Version 17
VisualStudioVersion = 17.8.34330.188
MinimumVisualStudioVersion = 10.0.40219.1
Project("{FAE04EC0-301F-11D3-BF4B-00C04F79EFBC}") = "HomeWorkLesson27_task1", "HomeWorkLesson27_task1.csproj", "{7B1232D5-223F-4981-A136-962109663220}"
EndProject
Global
	GlobalSection(SolutionConfigurationPlatforms) = preSolution
		Debug|Any CPU = Debug|Any CPU
		Release|Any CPU = Release|Any CPU
	EndGlobalSection
	GlobalSection(ProjectConfigurationPlatforms) = postSolution
		{7B1232D5-223F-4981-A136-962109663220}.Debug|Any CPU.ActiveCfg = Debug|Any CPU
		{7B1232D5-223F-4981-A136-962109663220}.Debug|Any CPU.Build.0 = Debug|Any CPU
		{7B1232D5-223F-4981-A136-962109663220}.Release|Any CPU.ActiveCfg = Release|Any CPU
		{7B1232D5-223F-4981-A136-962109663220}.Release|Any CPU.Build.0 = Release|Any CPU
	EndGlobalSection
	GlobalSection(SolutionProperties) = preSolution
		HideSolutionNode = FALSE
	EndGlobalSection
	GlobalSection(ExtensibilityGlobals) = postSolution
		SolutionGuid = {AC26E5B1-CFD3-4ACA-BA53-86B5E66B7C38}
	EndGlobalSection
EndGlobal
