
Microsoft Visual Studio Solution File, Format Version 12.00
# Visual Studio Version 17
VisualStudioVersion = 17.8.34330.188
MinimumVisualStudioVersion = 10.0.40219.1
Project("{FAE04EC0-301F-11D3-BF4B-00C04F79EFBC}") = "HomeWorkLesson18", "HomeWorkLesson18.csproj", "{63842B0D-DAE5-4696-A3AB-591BCF046A7E}"
EndProject
Global
	GlobalSection(SolutionConfigurationPlatforms) = preSolution
		Debug|Any CPU = Debug|Any CPU
		Release|Any CPU = Release|Any CPU
	EndGlobalSection
	GlobalSection(ProjectConfigurationPlatforms) = postSolution
		{63842B0D-DAE5-4696-A3AB-591BCF046A7E}.Debug|Any CPU.ActiveCfg = Debug|Any CPU
		{63842B0D-DAE5-4696-A3AB-591BCF046A7E}.Debug|Any CPU.Build.0 = Debug|Any CPU
		{63842B0D-DAE5-4696-A3AB-591BCF046A7E}.Release|Any CPU.ActiveCfg = Release|Any CPU
		{63842B0D-DAE5-4696-A3AB-591BCF046A7E}.Release|Any CPU.Build.0 = Release|Any CPU
	EndGlobalSection
	GlobalSection(SolutionProperties) = preSolution
		HideSolutionNode = FALSE
	EndGlobalSection
	GlobalSection(ExtensibilityGlobals) = postSolution
		SolutionGuid = {3744CBBE-F59D-4842-9B84-177F9C3952CF}
	EndGlobalSection
EndGlobal
