
Microsoft Visual Studio Solution File, Format Version 12.00
# Visual Studio Version 17
VisualStudioVersion = 17.8.34330.188
MinimumVisualStudioVersion = 10.0.40219.1
Project("{FAE04EC0-301F-11D3-BF4B-00C04F79EFBC}") = "CWLesson35", "CWLesson35.csproj", "{0405959A-447F-4A6F-AD38-8878470C3CD9}"
EndProject
Global
	GlobalSection(SolutionConfigurationPlatforms) = preSolution
		Debug|Any CPU = Debug|Any CPU
		Release|Any CPU = Release|Any CPU
	EndGlobalSection
	GlobalSection(ProjectConfigurationPlatforms) = postSolution
		{0405959A-447F-4A6F-AD38-8878470C3CD9}.Debug|Any CPU.ActiveCfg = Debug|Any CPU
		{0405959A-447F-4A6F-AD38-8878470C3CD9}.Debug|Any CPU.Build.0 = Debug|Any CPU
		{0405959A-447F-4A6F-AD38-8878470C3CD9}.Release|Any CPU.ActiveCfg = Release|Any CPU
		{0405959A-447F-4A6F-AD38-8878470C3CD9}.Release|Any CPU.Build.0 = Release|Any CPU
	EndGlobalSection
	GlobalSection(SolutionProperties) = preSolution
		HideSolutionNode = FALSE
	EndGlobalSection
	GlobalSection(ExtensibilityGlobals) = postSolution
		SolutionGuid = {F3ADE3FB-7B82-4817-841C-7C304852AC76}
	EndGlobalSection
EndGlobal
