
Microsoft Visual Studio Solution File, Format Version 12.00
# Visual Studio Version 17
VisualStudioVersion = 17.8.34330.188
MinimumVisualStudioVersion = 10.0.40219.1
Project("{FAE04EC0-301F-11D3-BF4B-00C04F79EFBC}") = "HomeWorkLesson18_take2", "HomeWorkLesson18_take2.csproj", "{DB14111C-491E-469F-8A51-DC9CAC975293}"
EndProject
Global
	GlobalSection(SolutionConfigurationPlatforms) = preSolution
		Debug|Any CPU = Debug|Any CPU
		Release|Any CPU = Release|Any CPU
	EndGlobalSection
	GlobalSection(ProjectConfigurationPlatforms) = postSolution
		{DB14111C-491E-469F-8A51-DC9CAC975293}.Debug|Any CPU.ActiveCfg = Debug|Any CPU
		{DB14111C-491E-469F-8A51-DC9CAC975293}.Debug|Any CPU.Build.0 = Debug|Any CPU
		{DB14111C-491E-469F-8A51-DC9CAC975293}.Release|Any CPU.ActiveCfg = Release|Any CPU
		{DB14111C-491E-469F-8A51-DC9CAC975293}.Release|Any CPU.Build.0 = Release|Any CPU
	EndGlobalSection
	GlobalSection(SolutionProperties) = preSolution
		HideSolutionNode = FALSE
	EndGlobalSection
	GlobalSection(ExtensibilityGlobals) = postSolution
		SolutionGuid = {80621064-1A20-471C-B74E-5467E67ECEEB}
	EndGlobalSection
EndGlobal
