
Microsoft Visual Studio Solution File, Format Version 12.00
# Visual Studio Version 17
VisualStudioVersion = 17.8.34330.188
MinimumVisualStudioVersion = 10.0.40219.1
Project("{FAE04EC0-301F-11D3-BF4B-00C04F79EFBC}") = "CWLesson38", "CWLesson38.csproj", "{A04DA595-16AC-453A-BAEA-8F31EA9DC934}"
EndProject
Global
	GlobalSection(SolutionConfigurationPlatforms) = preSolution
		Debug|Any CPU = Debug|Any CPU
		Release|Any CPU = Release|Any CPU
	EndGlobalSection
	GlobalSection(ProjectConfigurationPlatforms) = postSolution
		{A04DA595-16AC-453A-BAEA-8F31EA9DC934}.Debug|Any CPU.ActiveCfg = Debug|Any CPU
		{A04DA595-16AC-453A-BAEA-8F31EA9DC934}.Debug|Any CPU.Build.0 = Debug|Any CPU
		{A04DA595-16AC-453A-BAEA-8F31EA9DC934}.Release|Any CPU.ActiveCfg = Release|Any CPU
		{A04DA595-16AC-453A-BAEA-8F31EA9DC934}.Release|Any CPU.Build.0 = Release|Any CPU
	EndGlobalSection
	GlobalSection(SolutionProperties) = preSolution
		HideSolutionNode = FALSE
	EndGlobalSection
	GlobalSection(ExtensibilityGlobals) = postSolution
		SolutionGuid = {714D85CA-1F60-43D3-8A9F-B6FF8FFFB23A}
	EndGlobalSection
EndGlobal
