
Microsoft Visual Studio Solution File, Format Version 12.00
# Visual Studio Version 17
VisualStudioVersion = 17.8.34330.188
MinimumVisualStudioVersion = 10.0.40219.1
Project("{FAE04EC0-301F-11D3-BF4B-00C04F79EFBC}") = "CWLesson38_task2", "CWLesson38_task2.csproj", "{8D2FA9B7-1265-4A00-A13C-C19207F3BDEF}"
EndProject
Global
	GlobalSection(SolutionConfigurationPlatforms) = preSolution
		Debug|Any CPU = Debug|Any CPU
		Release|Any CPU = Release|Any CPU
	EndGlobalSection
	GlobalSection(ProjectConfigurationPlatforms) = postSolution
		{8D2FA9B7-1265-4A00-A13C-C19207F3BDEF}.Debug|Any CPU.ActiveCfg = Debug|Any CPU
		{8D2FA9B7-1265-4A00-A13C-C19207F3BDEF}.Debug|Any CPU.Build.0 = Debug|Any CPU
		{8D2FA9B7-1265-4A00-A13C-C19207F3BDEF}.Release|Any CPU.ActiveCfg = Release|Any CPU
		{8D2FA9B7-1265-4A00-A13C-C19207F3BDEF}.Release|Any CPU.Build.0 = Release|Any CPU
	EndGlobalSection
	GlobalSection(SolutionProperties) = preSolution
		HideSolutionNode = FALSE
	EndGlobalSection
	GlobalSection(ExtensibilityGlobals) = postSolution
		SolutionGuid = {636549B7-BA17-4A78-AAAC-88F3AF5549C3}
	EndGlobalSection
EndGlobal
