
Microsoft Visual Studio Solution File, Format Version 12.00
# Visual Studio Version 17
VisualStudioVersion = 17.8.34330.188
MinimumVisualStudioVersion = 10.0.40219.1
Project("{FAE04EC0-301F-11D3-BF4B-00C04F79EFBC}") = "HomeWorkLesson13", "HomeWorkLesson13.csproj", "{2CFCB889-423C-421D-A227-B0B9FCAF8BA7}"
EndProject
Global
	GlobalSection(SolutionConfigurationPlatforms) = preSolution
		Debug|Any CPU = Debug|Any CPU
		Release|Any CPU = Release|Any CPU
	EndGlobalSection
	GlobalSection(ProjectConfigurationPlatforms) = postSolution
		{2CFCB889-423C-421D-A227-B0B9FCAF8BA7}.Debug|Any CPU.ActiveCfg = Debug|Any CPU
		{2CFCB889-423C-421D-A227-B0B9FCAF8BA7}.Debug|Any CPU.Build.0 = Debug|Any CPU
		{2CFCB889-423C-421D-A227-B0B9FCAF8BA7}.Release|Any CPU.ActiveCfg = Release|Any CPU
		{2CFCB889-423C-421D-A227-B0B9FCAF8BA7}.Release|Any CPU.Build.0 = Release|Any CPU
	EndGlobalSection
	GlobalSection(SolutionProperties) = preSolution
		HideSolutionNode = FALSE
	EndGlobalSection
	GlobalSection(ExtensibilityGlobals) = postSolution
		SolutionGuid = {8E72F16B-9F52-4E8D-89F2-3E1C8B973F1F}
	EndGlobalSection
EndGlobal
