
Microsoft Visual Studio Solution File, Format Version 12.00
# Visual Studio Version 17
VisualStudioVersion = 17.8.34330.188
MinimumVisualStudioVersion = 10.0.40219.1
Project("{FAE04EC0-301F-11D3-BF4B-00C04F79EFBC}") = "HomeWorkLesson16_take3", "HomeWorkLesson16_take3.csproj", "{58869E32-15BC-4986-B0BA-A70837E54DB9}"
EndProject
Global
	GlobalSection(SolutionConfigurationPlatforms) = preSolution
		Debug|Any CPU = Debug|Any CPU
		Release|Any CPU = Release|Any CPU
	EndGlobalSection
	GlobalSection(ProjectConfigurationPlatforms) = postSolution
		{58869E32-15BC-4986-B0BA-A70837E54DB9}.Debug|Any CPU.ActiveCfg = Debug|Any CPU
		{58869E32-15BC-4986-B0BA-A70837E54DB9}.Debug|Any CPU.Build.0 = Debug|Any CPU
		{58869E32-15BC-4986-B0BA-A70837E54DB9}.Release|Any CPU.ActiveCfg = Release|Any CPU
		{58869E32-15BC-4986-B0BA-A70837E54DB9}.Release|Any CPU.Build.0 = Release|Any CPU
	EndGlobalSection
	GlobalSection(SolutionProperties) = preSolution
		HideSolutionNode = FALSE
	EndGlobalSection
	GlobalSection(ExtensibilityGlobals) = postSolution
		SolutionGuid = {41E6C703-D388-465D-B3EE-0DBD5ADD3BC5}
	EndGlobalSection
EndGlobal
