
Microsoft Visual Studio Solution File, Format Version 12.00
# Visual Studio Version 17
VisualStudioVersion = 17.8.34330.188
MinimumVisualStudioVersion = 10.0.40219.1
Project("{FAE04EC0-301F-11D3-BF4B-00C04F79EFBC}") = "CWLesson20", "CWLesson20.csproj", "{C0832D05-499B-468F-A6F1-B2B92CF29A3B}"
EndProject
Global
	GlobalSection(SolutionConfigurationPlatforms) = preSolution
		Debug|Any CPU = Debug|Any CPU
		Release|Any CPU = Release|Any CPU
	EndGlobalSection
	GlobalSection(ProjectConfigurationPlatforms) = postSolution
		{C0832D05-499B-468F-A6F1-B2B92CF29A3B}.Debug|Any CPU.ActiveCfg = Debug|Any CPU
		{C0832D05-499B-468F-A6F1-B2B92CF29A3B}.Debug|Any CPU.Build.0 = Debug|Any CPU
		{C0832D05-499B-468F-A6F1-B2B92CF29A3B}.Release|Any CPU.ActiveCfg = Release|Any CPU
		{C0832D05-499B-468F-A6F1-B2B92CF29A3B}.Release|Any CPU.Build.0 = Release|Any CPU
	EndGlobalSection
	GlobalSection(SolutionProperties) = preSolution
		HideSolutionNode = FALSE
	EndGlobalSection
	GlobalSection(ExtensibilityGlobals) = postSolution
		SolutionGuid = {1BE09D87-0871-483C-AC8D-210284420CB7}
	EndGlobalSection
EndGlobal
