
Microsoft Visual Studio Solution File, Format Version 12.00
# Visual Studio Version 17
VisualStudioVersion = 17.8.34330.188
MinimumVisualStudioVersion = 10.0.40219.1
Project("{FAE04EC0-301F-11D3-BF4B-00C04F79EFBC}") = "HomeWorkLesson5", "HomeWorkLesson5.csproj", "{F993E561-3BEC-4EBE-82DB-F4DC6E1D21AD}"
EndProject
Global
	GlobalSection(SolutionConfigurationPlatforms) = preSolution
		Debug|Any CPU = Debug|Any CPU
		Release|Any CPU = Release|Any CPU
	EndGlobalSection
	GlobalSection(ProjectConfigurationPlatforms) = postSolution
		{F993E561-3BEC-4EBE-82DB-F4DC6E1D21AD}.Debug|Any CPU.ActiveCfg = Debug|Any CPU
		{F993E561-3BEC-4EBE-82DB-F4DC6E1D21AD}.Debug|Any CPU.Build.0 = Debug|Any CPU
		{F993E561-3BEC-4EBE-82DB-F4DC6E1D21AD}.Release|Any CPU.ActiveCfg = Release|Any CPU
		{F993E561-3BEC-4EBE-82DB-F4DC6E1D21AD}.Release|Any CPU.Build.0 = Release|Any CPU
	EndGlobalSection
	GlobalSection(SolutionProperties) = preSolution
		HideSolutionNode = FALSE
	EndGlobalSection
	GlobalSection(ExtensibilityGlobals) = postSolution
		SolutionGuid = {DA143580-DFE5-487B-9971-8F614A45CE95}
	EndGlobalSection
EndGlobal
