
Microsoft Visual Studio Solution File, Format Version 12.00
# Visual Studio Version 17
VisualStudioVersion = 17.8.34330.188
MinimumVisualStudioVersion = 10.0.40219.1
Project("{FAE04EC0-301F-11D3-BF4B-00C04F79EFBC}") = "HomeWorkLesson10", "HomeWorkLesson10.csproj", "{234414D2-63D2-4104-AB0D-E6431FD990FB}"
EndProject
Global
	GlobalSection(SolutionConfigurationPlatforms) = preSolution
		Debug|Any CPU = Debug|Any CPU
		Release|Any CPU = Release|Any CPU
	EndGlobalSection
	GlobalSection(ProjectConfigurationPlatforms) = postSolution
		{234414D2-63D2-4104-AB0D-E6431FD990FB}.Debug|Any CPU.ActiveCfg = Debug|Any CPU
		{234414D2-63D2-4104-AB0D-E6431FD990FB}.Debug|Any CPU.Build.0 = Debug|Any CPU
		{234414D2-63D2-4104-AB0D-E6431FD990FB}.Release|Any CPU.ActiveCfg = Release|Any CPU
		{234414D2-63D2-4104-AB0D-E6431FD990FB}.Release|Any CPU.Build.0 = Release|Any CPU
	EndGlobalSection
	GlobalSection(SolutionProperties) = preSolution
		HideSolutionNode = FALSE
	EndGlobalSection
	GlobalSection(ExtensibilityGlobals) = postSolution
		SolutionGuid = {C8B64472-4553-441B-A8E4-CEC39A579C14}
	EndGlobalSection
EndGlobal
