
Microsoft Visual Studio Solution File, Format Version 12.00
# Visual Studio Version 17
VisualStudioVersion = 17.8.34330.188
MinimumVisualStudioVersion = 10.0.40219.1
Project("{FAE04EC0-301F-11D3-BF4B-00C04F79EFBC}") = "CWLesson11", "CWLesson11.csproj", "{D99A44E2-7A00-47F3-BF9E-52B5446B28F1}"
EndProject
Global
	GlobalSection(SolutionConfigurationPlatforms) = preSolution
		Debug|Any CPU = Debug|Any CPU
		Release|Any CPU = Release|Any CPU
	EndGlobalSection
	GlobalSection(ProjectConfigurationPlatforms) = postSolution
		{D99A44E2-7A00-47F3-BF9E-52B5446B28F1}.Debug|Any CPU.ActiveCfg = Debug|Any CPU
		{D99A44E2-7A00-47F3-BF9E-52B5446B28F1}.Debug|Any CPU.Build.0 = Debug|Any CPU
		{D99A44E2-7A00-47F3-BF9E-52B5446B28F1}.Release|Any CPU.ActiveCfg = Release|Any CPU
		{D99A44E2-7A00-47F3-BF9E-52B5446B28F1}.Release|Any CPU.Build.0 = Release|Any CPU
	EndGlobalSection
	GlobalSection(SolutionProperties) = preSolution
		HideSolutionNode = FALSE
	EndGlobalSection
	GlobalSection(ExtensibilityGlobals) = postSolution
		SolutionGuid = {99F14369-F539-4996-9ADE-BA58E5BD2E31}
	EndGlobalSection
EndGlobal
