
Microsoft Visual Studio Solution File, Format Version 12.00
# Visual Studio Version 17
VisualStudioVersion = 17.8.34330.188
MinimumVisualStudioVersion = 10.0.40219.1
Project("{FAE04EC0-301F-11D3-BF4B-00C04F79EFBC}") = "CWLesson18", "CWLesson18.csproj", "{D59EC690-DC9F-4470-AFDC-215FFC3CCC26}"
EndProject
Global
	GlobalSection(SolutionConfigurationPlatforms) = preSolution
		Debug|Any CPU = Debug|Any CPU
		Release|Any CPU = Release|Any CPU
	EndGlobalSection
	GlobalSection(ProjectConfigurationPlatforms) = postSolution
		{D59EC690-DC9F-4470-AFDC-215FFC3CCC26}.Debug|Any CPU.ActiveCfg = Debug|Any CPU
		{D59EC690-DC9F-4470-AFDC-215FFC3CCC26}.Debug|Any CPU.Build.0 = Debug|Any CPU
		{D59EC690-DC9F-4470-AFDC-215FFC3CCC26}.Release|Any CPU.ActiveCfg = Release|Any CPU
		{D59EC690-DC9F-4470-AFDC-215FFC3CCC26}.Release|Any CPU.Build.0 = Release|Any CPU
	EndGlobalSection
	GlobalSection(SolutionProperties) = preSolution
		HideSolutionNode = FALSE
	EndGlobalSection
	GlobalSection(ExtensibilityGlobals) = postSolution
		SolutionGuid = {3322EEBB-90C9-4FC0-B690-DAA09789A1EB}
	EndGlobalSection
EndGlobal
