
Microsoft Visual Studio Solution File, Format Version 12.00
# Visual Studio Version 17
VisualStudioVersion = 17.8.34330.188
MinimumVisualStudioVersion = 10.0.40219.1
Project("{FAE04EC0-301F-11D3-BF4B-00C04F79EFBC}") = "CWLesson32.2", "CWLesson32.2.csproj", "{A9705315-365B-489F-AEEE-D10AAD9AEC12}"
EndProject
Global
	GlobalSection(SolutionConfigurationPlatforms) = preSolution
		Debug|Any CPU = Debug|Any CPU
		Release|Any CPU = Release|Any CPU
	EndGlobalSection
	GlobalSection(ProjectConfigurationPlatforms) = postSolution
		{A9705315-365B-489F-AEEE-D10AAD9AEC12}.Debug|Any CPU.ActiveCfg = Debug|Any CPU
		{A9705315-365B-489F-AEEE-D10AAD9AEC12}.Debug|Any CPU.Build.0 = Debug|Any CPU
		{A9705315-365B-489F-AEEE-D10AAD9AEC12}.Release|Any CPU.ActiveCfg = Release|Any CPU
		{A9705315-365B-489F-AEEE-D10AAD9AEC12}.Release|Any CPU.Build.0 = Release|Any CPU
	EndGlobalSection
	GlobalSection(SolutionProperties) = preSolution
		HideSolutionNode = FALSE
	EndGlobalSection
	GlobalSection(ExtensibilityGlobals) = postSolution
		SolutionGuid = {B8C5A106-5756-4BE9-966C-C72778427A9B}
	EndGlobalSection
EndGlobal
